// !$*UTF8*$!
{
	archiveVersion = 1;
	classes = {
	};
	objectVersion = 45;
	objects = {

/* Begin PBXBuildFile section */
		24E01445117A6446002086AC /* BooleanParameter.h in Headers */ = {isa = PBXBuildFile; fileRef = 24E01443117A6446002086AC /* BooleanParameter.h */; };
		24E01446117A6446002086AC /* BooleanParameter.cpp in Sources */ = {isa = PBXBuildFile; fileRef = 24E01444117A6446002086AC /* BooleanParameter.cpp */; };
		24FAB086117A2DEC00DEEB7D /* FloatingPointParameter.h in Headers */ = {isa = PBXBuildFile; fileRef = 24FAB081117A2DEC00DEEB7D /* FloatingPointParameter.h */; };
		24FAB087117A2DEC00DEEB7D /* MapParameterSet.cpp in Sources */ = {isa = PBXBuildFile; fileRef = 24FAB082117A2DEC00DEEB7D /* MapParameterSet.cpp */; };
		24FAB088117A2DEC00DEEB7D /* MapParameterSet.h in Headers */ = {isa = PBXBuildFile; fileRef = 24FAB083117A2DEC00DEEB7D /* MapParameterSet.h */; };
		24FAB089117A2DEC00DEEB7D /* PluginParameter.h in Headers */ = {isa = PBXBuildFile; fileRef = 24FAB084117A2DEC00DEEB7D /* PluginParameter.h */; };
		24FAB08A117A2DEC00DEEB7D /* PluginParameterSet.h in Headers */ = {isa = PBXBuildFile; fileRef = 24FAB085117A2DEC00DEEB7D /* PluginParameterSet.h */; };
		24FAB0B2117A359900DEEB7D /* FloatingPointParameter.cpp in Sources */ = {isa = PBXBuildFile; fileRef = 24FAB0B1117A359900DEEB7D /* FloatingPointParameter.cpp */; };
/* End PBXBuildFile section */

/* Begin PBXFileReference section */
		24E01443117A6446002086AC /* BooleanParameter.h */ = {isa = PBXFileReference; fileEncoding = 4; lastKnownFileType = sourcecode.c.h; name = BooleanParameter.h; path = source/BooleanParameter.h; sourceTree = "<group>"; };
		24E01444117A6446002086AC /* BooleanParameter.cpp */ = {isa = PBXFileReference; fileEncoding = 4; lastKnownFileType = sourcecode.cpp.cpp; name = BooleanParameter.cpp; path = source/BooleanParameter.cpp; sourceTree = "<group>"; };
		24FAB081117A2DEC00DEEB7D /* FloatingPointParameter.h */ = {isa = PBXFileReference; fileEncoding = 4; lastKnownFileType = sourcecode.c.h; name = FloatingPointParameter.h; path = source/FloatingPointParameter.h; sourceTree = "<group>"; };
		24FAB082117A2DEC00DEEB7D /* MapParameterSet.cpp */ = {isa = PBXFileReference; fileEncoding = 4; lastKnownFileType = sourcecode.cpp.cpp; name = MapParameterSet.cpp; path = source/MapParameterSet.cpp; sourceTree = "<group>"; };
		24FAB083117A2DEC00DEEB7D /* MapParameterSet.h */ = {isa = PBXFileReference; fileEncoding = 4; lastKnownFileType = sourcecode.c.h; name = MapParameterSet.h; path = source/MapParameterSet.h; sourceTree = "<group>"; };
		24FAB084117A2DEC00DEEB7D /* PluginParameter.h */ = {isa = PBXFileReference; fileEncoding = 4; lastKnownFileType = sourcecode.c.h; name = PluginParameter.h; path = source/PluginParameter.h; sourceTree = "<group>"; };
		24FAB085117A2DEC00DEEB7D /* PluginParameterSet.h */ = {isa = PBXFileReference; fileEncoding = 4; lastKnownFileType = sourcecode.c.h; name = PluginParameterSet.h; path = source/PluginParameterSet.h; sourceTree = "<group>"; };
		24FAB0B1117A359900DEEB7D /* FloatingPointParameter.cpp */ = {isa = PBXFileReference; fileEncoding = 4; lastKnownFileType = sourcecode.cpp.cpp; name = FloatingPointParameter.cpp; path = source/FloatingPointParameter.cpp; sourceTree = "<group>"; };
		D2AAC046055464E500DB518D /* libPluginParameters.a */ = {isa = PBXFileReference; explicitFileType = archive.ar; includeInIndex = 0; path = libPluginParameters.a; sourceTree = BUILT_PRODUCTS_DIR; };
/* End PBXFileReference section */

/* Begin PBXFrameworksBuildPhase section */
		D289987405E68DCB004EDB86 /* Frameworks */ = {
			isa = PBXFrameworksBuildPhase;
			buildActionMask = 2147483647;
			files = (
			);
			runOnlyForDeploymentPostprocessing = 0;
		};
/* End PBXFrameworksBuildPhase section */

/* Begin PBXGroup section */
		08FB7794FE84155DC02AAC07 /* PluginParameters */ = {
			isa = PBXGroup;
			children = (
				1AB674ADFE9D54B511CA2CBB /* Products */,
				08FB7795FE84155DC02AAC07 /* Source */,
			);
			name = PluginParameters;
			sourceTree = "<group>";
		};
		08FB7795FE84155DC02AAC07 /* Source */ = {
			isa = PBXGroup;
			children = (
				24E01444117A6446002086AC /* BooleanParameter.cpp */,
				24FAB0B1117A359900DEEB7D /* FloatingPointParameter.cpp */,
				24FAB082117A2DEC00DEEB7D /* MapParameterSet.cpp */,
				24E01443117A6446002086AC /* BooleanParameter.h */,
				24FAB081117A2DEC00DEEB7D /* FloatingPointParameter.h */,
				24FAB083117A2DEC00DEEB7D /* MapParameterSet.h */,
				24FAB084117A2DEC00DEEB7D /* PluginParameter.h */,
				24FAB085117A2DEC00DEEB7D /* PluginParameterSet.h */,
			);
			name = Source;
			sourceTree = "<group>";
		};
		1AB674ADFE9D54B511CA2CBB /* Products */ = {
			isa = PBXGroup;
			children = (
				D2AAC046055464E500DB518D /* libPluginParameters.a */,
			);
			name = Products;
			sourceTree = "<group>";
		};
/* End PBXGroup section */

/* Begin PBXHeadersBuildPhase section */
		D2AAC043055464E500DB518D /* Headers */ = {
			isa = PBXHeadersBuildPhase;
			buildActionMask = 2147483647;
			files = (
				24FAB086117A2DEC00DEEB7D /* FloatingPointParameter.h in Headers */,
				24FAB088117A2DEC00DEEB7D /* MapParameterSet.h in Headers */,
				24FAB089117A2DEC00DEEB7D /* PluginParameter.h in Headers */,
				24FAB08A117A2DEC00DEEB7D /* PluginParameterSet.h in Headers */,
				24E01445117A6446002086AC /* BooleanParameter.h in Headers */,
			);
			runOnlyForDeploymentPostprocessing = 0;
		};
/* End PBXHeadersBuildPhase section */

/* Begin PBXNativeTarget section */
		D2AAC045055464E500DB518D /* PluginParameters */ = {
			isa = PBXNativeTarget;
			buildConfigurationList = 1DEB91EB08733DB70010E9CD /* Build configuration list for PBXNativeTarget "PluginParameters" */;
			buildPhases = (
				D2AAC043055464E500DB518D /* Headers */,
				D2AAC044055464E500DB518D /* Sources */,
				D289987405E68DCB004EDB86 /* Frameworks */,
			);
			buildRules = (
			);
			dependencies = (
			);
			name = PluginParameters;
			productName = PluginParameters;
			productReference = D2AAC046055464E500DB518D /* libPluginParameters.a */;
			productType = "com.apple.product-type.library.static";
		};
/* End PBXNativeTarget section */

/* Begin PBXProject section */
		08FB7793FE84155DC02AAC07 /* Project object */ = {
			isa = PBXProject;
			buildConfigurationList = 1DEB91EF08733DB70010E9CD /* Build configuration list for PBXProject "PluginParameters" */;
			compatibilityVersion = "Xcode 3.1";
			hasScannedForEncodings = 1;
			mainGroup = 08FB7794FE84155DC02AAC07 /* PluginParameters */;
			projectDirPath = "";
			projectRoot = "";
			targets = (
				D2AAC045055464E500DB518D /* PluginParameters */,
			);
		};
/* End PBXProject section */

/* Begin PBXSourcesBuildPhase section */
		D2AAC044055464E500DB518D /* Sources */ = {
			isa = PBXSourcesBuildPhase;
			buildActionMask = 2147483647;
			files = (
				24FAB087117A2DEC00DEEB7D /* MapParameterSet.cpp in Sources */,
				24FAB0B2117A359900DEEB7D /* FloatingPointParameter.cpp in Sources */,
				24E01446117A6446002086AC /* BooleanParameter.cpp in Sources */,
			);
			runOnlyForDeploymentPostprocessing = 0;
		};
/* End PBXSourcesBuildPhase section */

/* Begin XCBuildConfiguration section */
		1DEB91EC08733DB70010E9CD /* Debug */ = {
			isa = XCBuildConfiguration;
			buildSettings = {
				ALWAYS_SEARCH_USER_PATHS = NO;
				COPY_PHASE_STRIP = NO;
				GCC_DYNAMIC_NO_PIC = NO;
				GCC_ENABLE_FIX_AND_CONTINUE = YES;
				GCC_MODEL_TUNING = G5;
				GCC_OPTIMIZATION_LEVEL = 0;
				INSTALL_PATH = /usr/local/lib;
				PRODUCT_NAME = PluginParameters;
			};
			name = Debug;
		};
		1DEB91ED08733DB70010E9CD /* Release */ = {
			isa = XCBuildConfiguration;
			buildSettings = {
				ALWAYS_SEARCH_USER_PATHS = NO;
				DEBUG_INFORMATION_FORMAT = "dwarf-with-dsym";
				GCC_MODEL_TUNING = G5;
				INSTALL_PATH = /usr/local/lib;
				PRODUCT_NAME = PluginParameters;
			};
			name = Release;
		};
		1DEB91F008733DB70010E9CD /* Debug */ = {
			isa = XCBuildConfiguration;
			buildSettings = {
				ARCHS = "$(ARCHS_STANDARD_32_64_BIT)";
				GCC_C_LANGUAGE_STANDARD = gnu99;
				GCC_OPTIMIZATION_LEVEL = 0;
				GCC_WARN_ABOUT_RETURN_TYPE = YES;
				GCC_WARN_UNUSED_VARIABLE = YES;
				ONLY_ACTIVE_ARCH = YES;
				PREBINDING = NO;
				SDKROOT = macosx10.6;
			};
			name = Debug;
		};
		1DEB91F108733DB70010E9CD /* Release */ = {
			isa = XCBuildConfiguration;
			buildSettings = {
				ARCHS = "$(ARCHS_STANDARD_32_64_BIT)";
				GCC_C_LANGUAGE_STANDARD = gnu99;
				GCC_WARN_ABOUT_RETURN_TYPE = YES;
				GCC_WARN_UNUSED_VARIABLE = YES;
				PREBINDING = NO;
				SDKROOT = macosx10.6;
			};
			name = Release;
		};
/* End XCBuildConfiguration section */

/* Begin XCConfigurationList section */
		1DEB91EB08733DB70010E9CD /* Build configuration list for PBXNativeTarget "PluginParameters" */ = {
			isa = XCConfigurationList;
			buildConfigurations = (
				1DEB91EC08733DB70010E9CD /* Debug */,
				1DEB91ED08733DB70010E9CD /* Release */,
			);
			defaultConfigurationIsVisible = 0;
			defaultConfigurationName = Release;
		};
		1DEB91EF08733DB70010E9CD /* Build configuration list for PBXProject "PluginParameters" */ = {
			isa = XCConfigurationList;
			buildConfigurations = (
				1DEB91F008733DB70010E9CD /* Debug */,
				1DEB91F108733DB70010E9CD /* Release */,
			);
			defaultConfigurationIsVisible = 0;
			defaultConfigurationName = Release;
		};
/* End XCConfigurationList section */
	};
	rootObject = 08FB7793FE84155DC02AAC07 /* Project object */;
}
